
Microsoft Visual Studio Solution File, Format Version 12.00
# Visual Studio Version 17
VisualStudioVersion = 17.14.36717.8
MinimumVisualStudioVersion = 10.0.40219.1
Project("{FAE04EC0-301F-11D3-BF4B-00C04F79EFBC}") = "OrderService.api", "OrderService.api\OrderService.api.csproj", "{230F3E53-9315-4649-9FFD-CDABB793B608}"
EndProject
Project("{FAE04EC0-301F-11D3-BF4B-00C04F79EFBC}") = "OrderService.Core", "OrderService.Core\OrderService.Core.csproj", "{CE70A927-5890-4474-ADDF-D0A2F6F032AB}"
EndProject
Project("{FAE04EC0-301F-11D3-BF4B-00C04F79EFBC}") = "OrderService.Infrastructure", "OrderService.Infrastructure\OrderService.Infrastructure.csproj", "{DE73D456-751D-4903-89AD-09E529094394}"
EndProject
Project("{FAE04EC0-301F-11D3-BF4B-00C04F79EFBC}") = "OrderService.Tests", "OrderService.Tests\OrderService.Tests.csproj", "{982BA7F4-5E4F-4F77-B16E-A5E8D47514DF}"
EndProject
Global
	GlobalSection(SolutionConfigurationPlatforms) = preSolution
		Debug|Any CPU = Debug|Any CPU
		Release|Any CPU = Release|Any CPU
	EndGlobalSection
	GlobalSection(ProjectConfigurationPlatforms) = postSolution
		{230F3E53-9315-4649-9FFD-CDABB793B608}.Debug|Any CPU.ActiveCfg = Debug|Any CPU
		{230F3E53-9315-4649-9FFD-CDABB793B608}.Debug|Any CPU.Build.0 = Debug|Any CPU
		{230F3E53-9315-4649-9FFD-CDABB793B608}.Release|Any CPU.ActiveCfg = Release|Any CPU
		{230F3E53-9315-4649-9FFD-CDABB793B608}.Release|Any CPU.Build.0 = Release|Any CPU
		{CE70A927-5890-4474-ADDF-D0A2F6F032AB}.Debug|Any CPU.ActiveCfg = Debug|Any CPU
		{CE70A927-5890-4474-ADDF-D0A2F6F032AB}.Debug|Any CPU.Build.0 = Debug|Any CPU
		{CE70A927-5890-4474-ADDF-D0A2F6F032AB}.Release|Any CPU.ActiveCfg = Release|Any CPU
		{CE70A927-5890-4474-ADDF-D0A2F6F032AB}.Release|Any CPU.Build.0 = Release|Any CPU
		{DE73D456-751D-4903-89AD-09E529094394}.Debug|Any CPU.ActiveCfg = Debug|Any CPU
		{DE73D456-751D-4903-89AD-09E529094394}.Debug|Any CPU.Build.0 = Debug|Any CPU
		{DE73D456-751D-4903-89AD-09E529094394}.Release|Any CPU.ActiveCfg = Release|Any CPU
		{DE73D456-751D-4903-89AD-09E529094394}.Release|Any CPU.Build.0 = Release|Any CPU
		{982BA7F4-5E4F-4F77-B16E-A5E8D47514DF}.Debug|Any CPU.ActiveCfg = Debug|Any CPU
		{982BA7F4-5E4F-4F77-B16E-A5E8D47514DF}.Debug|Any CPU.Build.0 = Debug|Any CPU
		{982BA7F4-5E4F-4F77-B16E-A5E8D47514DF}.Release|Any CPU.ActiveCfg = Release|Any CPU
		{982BA7F4-5E4F-4F77-B16E-A5E8D47514DF}.Release|Any CPU.Build.0 = Release|Any CPU
	EndGlobalSection
	GlobalSection(SolutionProperties) = preSolution
		HideSolutionNode = FALSE
	EndGlobalSection
	GlobalSection(ExtensibilityGlobals) = postSolution
		SolutionGuid = {59D23E28-CFC9-4CBD-A2BC-82F51FA3CE2B}
	EndGlobalSection
EndGlobal
